
Microsoft Visual Studio Solution File, Format Version 12.00
# Visual Studio Version 17
VisualStudioVersion = 17.1.32319.34
MinimumVisualStudioVersion = 10.0.40219.1
Project("{9A19103F-16F7-4668-BE54-9A1E7A4F7556}") = "Binary_Search", "Binary_Search.csproj", "{D4FD1A8A-A939-4F6A-8045-A0B86F26AE43}"
EndProject
Global
	GlobalSection(SolutionConfigurationPlatforms) = preSolution
		Debug|Any CPU = Debug|Any CPU
		Release|Any CPU = Release|Any CPU
	EndGlobalSection
	GlobalSection(ProjectConfigurationPlatforms) = postSolution
		{D4FD1A8A-A939-4F6A-8045-A0B86F26AE43}.Debug|Any CPU.ActiveCfg = Debug|Any CPU
		{D4FD1A8A-A939-4F6A-8045-A0B86F26AE43}.Debug|Any CPU.Build.0 = Debug|Any CPU
		{D4FD1A8A-A939-4F6A-8045-A0B86F26AE43}.Release|Any CPU.ActiveCfg = Release|Any CPU
		{D4FD1A8A-A939-4F6A-8045-A0B86F26AE43}.Release|Any CPU.Build.0 = Release|Any CPU
	EndGlobalSection
	GlobalSection(SolutionProperties) = preSolution
		HideSolutionNode = FALSE
	EndGlobalSection
	GlobalSection(ExtensibilityGlobals) = postSolution
		SolutionGuid = {109E0982-3E2C-4C5D-B24E-A0C8B7EC8B6B}
	EndGlobalSection
EndGlobal
